Microsoft Visual Studio Solution File, Format Version 12.00
# Visual Studio Version 17
VisualStudioVersion = 17.5.2.0
MinimumVisualStudioVersion = 10.0.40219.1
Project("{FAE04EC0-301F-11D3-BF4B-00C04F79EFBC}") = "TrainerApi", "TrainerApi.csproj", "{1374095F-DA1D-82CE-8AB5-CDD0298EE5C8}"
EndProject
Global
	GlobalSection(SolutionConfigurationPlatforms) = preSolution
		Debug|Any CPU = Debug|Any CPU
		Release|Any CPU = Release|Any CPU
	EndGlobalSection
	GlobalSection(ProjectConfigurationPlatforms) = postSolution
		{1374095F-DA1D-82CE-8AB5-CDD0298EE5C8}.Debug|Any CPU.ActiveCfg = Debug|Any CPU
		{1374095F-DA1D-82CE-8AB5-CDD0298EE5C8}.Debug|Any CPU.Build.0 = Debug|Any CPU
		{1374095F-DA1D-82CE-8AB5-CDD0298EE5C8}.Release|Any CPU.ActiveCfg = Release|Any CPU
		{1374095F-DA1D-82CE-8AB5-CDD0298EE5C8}.Release|Any CPU.Build.0 = Release|Any CPU
	EndGlobalSection
	GlobalSection(SolutionProperties) = preSolution
		HideSolutionNode = FALSE
	EndGlobalSection
	GlobalSection(ExtensibilityGlobals) = postSolution
		SolutionGuid = {A99DB322-5ADC-4B6F-80A5-6766185F9524}
	EndGlobalSection
EndGlobal
